
Microsoft Visual Studio Solution File, Format Version 12.00
Project("{FAE04EC0-301F-11D3-BF4B-00C04F79EFBC}") = "Day1.Dirty", "Day1.Dirty\Day1.Dirty.csproj", "{FB199212-4231-4A71-9860-B05A8D7294AB}"
EndProject
Project("{FAE04EC0-301F-11D3-BF4B-00C04F79EFBC}") = "Day1.Dirty.Tests", "Day1.Dirty.Tests\Day1.Dirty.Tests.csproj", "{BF40A41F-AF61-484B-958C-157055DDE4B7}"
EndProject
Project("{FAE04EC0-301F-11D3-BF4B-00C04F79EFBC}") = "Day2.Dirty", "Day2.Dirty\Day2.Dirty.csproj", "{482F2F14-C5C0-4AAA-A905-B1F9AE349695}"
EndProject
Project("{FAE04EC0-301F-11D3-BF4B-00C04F79EFBC}") = "Day2.Dirty.Tests", "Day2.Dirty.Tests\Day2.Dirty.Tests.csproj", "{38B7ECA7-5045-4668-B84C-9CDD44A66F60}"
EndProject
Project("{FAE04EC0-301F-11D3-BF4B-00C04F79EFBC}") = "Day3.Dirty", "Day3.Dirty\Day3.Dirty.csproj", "{65E66E93-FE9E-419E-95CF-C56AFEA5EF08}"
EndProject
Project("{FAE04EC0-301F-11D3-BF4B-00C04F79EFBC}") = "Day3.Dirty.Tests", "Day3.Dirty.Tests\Day3.Dirty.Tests.csproj", "{08F606A4-891F-4D0D-A6F1-0267E747AD58}"
EndProject
Project("{FAE04EC0-301F-11D3-BF4B-00C04F79EFBC}") = "Day4.Dirty", "Day4.Dirty\Day4.Dirty.csproj", "{0DF78542-AB10-4198-BE16-21B8E117A565}"
EndProject
Project("{FAE04EC0-301F-11D3-BF4B-00C04F79EFBC}") = "Day4.Dirty.Tests", "Day4.Dirty.Tests\Day4.Dirty.Tests.csproj", "{F2DD1249-01CB-4F73-B9BA-4B92C48DBB23}"
EndProject
Project("{FAE04EC0-301F-11D3-BF4B-00C04F79EFBC}") = "Day5.Dirty", "Day5.Dirty\Day5.Dirty.csproj", "{22F02916-D693-4F08-A083-B231E3FE07D8}"
EndProject
Project("{FAE04EC0-301F-11D3-BF4B-00C04F79EFBC}") = "Day5.Dirty.Tests", "Day5.Dirty.Tests\Day5.Dirty.Tests.csproj", "{405EADBE-EE6D-49B0-951A-AC8E5DDE0BE3}"
EndProject
Project("{FAE04EC0-301F-11D3-BF4B-00C04F79EFBC}") = "Day6.Dirty.Tests", "Day6.Dirty.Tests\Day6.Dirty.Tests.csproj", "{9DD96858-FE44-4513-B01E-C902D93F48E7}"
EndProject
Project("{FAE04EC0-301F-11D3-BF4B-00C04F79EFBC}") = "Day6.Dirty", "Day6.Dirty\Day6.Dirty.csproj", "{22E101F6-5A87-4E65-A440-67A64D9927E7}"
EndProject
Project("{FAE04EC0-301F-11D3-BF4B-00C04F79EFBC}") = "Day7.Dirty", "Day7.Dirty\Day7.Dirty.csproj", "{94250CC3-011E-4D84-B8D3-2657BE181A94}"
EndProject
Project("{FAE04EC0-301F-11D3-BF4B-00C04F79EFBC}") = "Day7.Dirty.Tests", "Day7.Dirty.Tests\Day7.Dirty.Tests.csproj", "{A1D2D771-1EB7-46F1-AF6F-EDFBF20A5204}"
EndProject
Project("{FAE04EC0-301F-11D3-BF4B-00C04F79EFBC}") = "Day8.Dirty", "Day8.Dirty\Day8.Dirty.csproj", "{3EC9C505-A538-414F-8581-CEE41F1F3CCD}"
EndProject
Project("{FAE04EC0-301F-11D3-BF4B-00C04F79EFBC}") = "Day8.Dirty.Tests", "Day8.Dirty.Tests\Day8.Dirty.Tests.csproj", "{D87FA1C1-DC73-4714-9759-F680C7628F09}"
EndProject
Project("{FAE04EC0-301F-11D3-BF4B-00C04F79EFBC}") = "Day9.Dirty.Tests", "Day9.Dirty.Tests\Day9.Dirty.Tests.csproj", "{D57576BE-7C03-4051-BDEF-B8BEE340A8EC}"
EndProject
Project("{FAE04EC0-301F-11D3-BF4B-00C04F79EFBC}") = "Day9.Dirty", "Day9.Dirty\Day9.Dirty.csproj", "{493C7ACA-989A-4C18-A193-56DD202B47D5}"
EndProject
Global
	GlobalSection(SolutionConfigurationPlatforms) = preSolution
		Debug|Any CPU = Debug|Any CPU
		Release|Any CPU = Release|Any CPU
	EndGlobalSection
	GlobalSection(ProjectConfigurationPlatforms) = postSolution
		{FB199212-4231-4A71-9860-B05A8D7294AB}.Debug|Any CPU.ActiveCfg = Debug|Any CPU
		{FB199212-4231-4A71-9860-B05A8D7294AB}.Debug|Any CPU.Build.0 = Debug|Any CPU
		{FB199212-4231-4A71-9860-B05A8D7294AB}.Release|Any CPU.ActiveCfg = Release|Any CPU
		{FB199212-4231-4A71-9860-B05A8D7294AB}.Release|Any CPU.Build.0 = Release|Any CPU
		{BF40A41F-AF61-484B-958C-157055DDE4B7}.Debug|Any CPU.ActiveCfg = Debug|Any CPU
		{BF40A41F-AF61-484B-958C-157055DDE4B7}.Debug|Any CPU.Build.0 = Debug|Any CPU
		{BF40A41F-AF61-484B-958C-157055DDE4B7}.Release|Any CPU.ActiveCfg = Release|Any CPU
		{BF40A41F-AF61-484B-958C-157055DDE4B7}.Release|Any CPU.Build.0 = Release|Any CPU
		{482F2F14-C5C0-4AAA-A905-B1F9AE349695}.Debug|Any CPU.ActiveCfg = Debug|Any CPU
		{482F2F14-C5C0-4AAA-A905-B1F9AE349695}.Debug|Any CPU.Build.0 = Debug|Any CPU
		{482F2F14-C5C0-4AAA-A905-B1F9AE349695}.Release|Any CPU.ActiveCfg = Release|Any CPU
		{482F2F14-C5C0-4AAA-A905-B1F9AE349695}.Release|Any CPU.Build.0 = Release|Any CPU
		{38B7ECA7-5045-4668-B84C-9CDD44A66F60}.Debug|Any CPU.ActiveCfg = Debug|Any CPU
		{38B7ECA7-5045-4668-B84C-9CDD44A66F60}.Debug|Any CPU.Build.0 = Debug|Any CPU
		{38B7ECA7-5045-4668-B84C-9CDD44A66F60}.Release|Any CPU.ActiveCfg = Release|Any CPU
		{38B7ECA7-5045-4668-B84C-9CDD44A66F60}.Release|Any CPU.Build.0 = Release|Any CPU
		{65E66E93-FE9E-419E-95CF-C56AFEA5EF08}.Debug|Any CPU.ActiveCfg = Debug|Any CPU
		{65E66E93-FE9E-419E-95CF-C56AFEA5EF08}.Debug|Any CPU.Build.0 = Debug|Any CPU
		{65E66E93-FE9E-419E-95CF-C56AFEA5EF08}.Release|Any CPU.ActiveCfg = Release|Any CPU
		{65E66E93-FE9E-419E-95CF-C56AFEA5EF08}.Release|Any CPU.Build.0 = Release|Any CPU
		{08F606A4-891F-4D0D-A6F1-0267E747AD58}.Debug|Any CPU.ActiveCfg = Debug|Any CPU
		{08F606A4-891F-4D0D-A6F1-0267E747AD58}.Debug|Any CPU.Build.0 = Debug|Any CPU
		{08F606A4-891F-4D0D-A6F1-0267E747AD58}.Release|Any CPU.ActiveCfg = Release|Any CPU
		{08F606A4-891F-4D0D-A6F1-0267E747AD58}.Release|Any CPU.Build.0 = Release|Any CPU
		{0DF78542-AB10-4198-BE16-21B8E117A565}.Debug|Any CPU.ActiveCfg = Debug|Any CPU
		{0DF78542-AB10-4198-BE16-21B8E117A565}.Debug|Any CPU.Build.0 = Debug|Any CPU
		{0DF78542-AB10-4198-BE16-21B8E117A565}.Release|Any CPU.ActiveCfg = Release|Any CPU
		{0DF78542-AB10-4198-BE16-21B8E117A565}.Release|Any CPU.Build.0 = Release|Any CPU
		{F2DD1249-01CB-4F73-B9BA-4B92C48DBB23}.Debug|Any CPU.ActiveCfg = Debug|Any CPU
		{F2DD1249-01CB-4F73-B9BA-4B92C48DBB23}.Debug|Any CPU.Build.0 = Debug|Any CPU
		{F2DD1249-01CB-4F73-B9BA-4B92C48DBB23}.Release|Any CPU.ActiveCfg = Release|Any CPU
		{F2DD1249-01CB-4F73-B9BA-4B92C48DBB23}.Release|Any CPU.Build.0 = Release|Any CPU
		{22F02916-D693-4F08-A083-B231E3FE07D8}.Debug|Any CPU.ActiveCfg = Debug|Any CPU
		{22F02916-D693-4F08-A083-B231E3FE07D8}.Debug|Any CPU.Build.0 = Debug|Any CPU
		{22F02916-D693-4F08-A083-B231E3FE07D8}.Release|Any CPU.ActiveCfg = Release|Any CPU
		{22F02916-D693-4F08-A083-B231E3FE07D8}.Release|Any CPU.Build.0 = Release|Any CPU
		{405EADBE-EE6D-49B0-951A-AC8E5DDE0BE3}.Debug|Any CPU.ActiveCfg = Debug|Any CPU
		{405EADBE-EE6D-49B0-951A-AC8E5DDE0BE3}.Debug|Any CPU.Build.0 = Debug|Any CPU
		{405EADBE-EE6D-49B0-951A-AC8E5DDE0BE3}.Release|Any CPU.ActiveCfg = Release|Any CPU
		{405EADBE-EE6D-49B0-951A-AC8E5DDE0BE3}.Release|Any CPU.Build.0 = Release|Any CPU
		{9DD96858-FE44-4513-B01E-C902D93F48E7}.Debug|Any CPU.ActiveCfg = Debug|Any CPU
		{9DD96858-FE44-4513-B01E-C902D93F48E7}.Debug|Any CPU.Build.0 = Debug|Any CPU
		{9DD96858-FE44-4513-B01E-C902D93F48E7}.Release|Any CPU.ActiveCfg = Release|Any CPU
		{9DD96858-FE44-4513-B01E-C902D93F48E7}.Release|Any CPU.Build.0 = Release|Any CPU
		{22E101F6-5A87-4E65-A440-67A64D9927E7}.Debug|Any CPU.ActiveCfg = Debug|Any CPU
		{22E101F6-5A87-4E65-A440-67A64D9927E7}.Debug|Any CPU.Build.0 = Debug|Any CPU
		{22E101F6-5A87-4E65-A440-67A64D9927E7}.Release|Any CPU.ActiveCfg = Release|Any CPU
		{22E101F6-5A87-4E65-A440-67A64D9927E7}.Release|Any CPU.Build.0 = Release|Any CPU
		{94250CC3-011E-4D84-B8D3-2657BE181A94}.Debug|Any CPU.ActiveCfg = Debug|Any CPU
		{94250CC3-011E-4D84-B8D3-2657BE181A94}.Debug|Any CPU.Build.0 = Debug|Any CPU
		{94250CC3-011E-4D84-B8D3-2657BE181A94}.Release|Any CPU.ActiveCfg = Release|Any CPU
		{94250CC3-011E-4D84-B8D3-2657BE181A94}.Release|Any CPU.Build.0 = Release|Any CPU
		{A1D2D771-1EB7-46F1-AF6F-EDFBF20A5204}.Debug|Any CPU.ActiveCfg = Debug|Any CPU
		{A1D2D771-1EB7-46F1-AF6F-EDFBF20A5204}.Debug|Any CPU.Build.0 = Debug|Any CPU
		{A1D2D771-1EB7-46F1-AF6F-EDFBF20A5204}.Release|Any CPU.ActiveCfg = Release|Any CPU
		{A1D2D771-1EB7-46F1-AF6F-EDFBF20A5204}.Release|Any CPU.Build.0 = Release|Any CPU
		{3EC9C505-A538-414F-8581-CEE41F1F3CCD}.Debug|Any CPU.ActiveCfg = Debug|Any CPU
		{3EC9C505-A538-414F-8581-CEE41F1F3CCD}.Debug|Any CPU.Build.0 = Debug|Any CPU
		{3EC9C505-A538-414F-8581-CEE41F1F3CCD}.Release|Any CPU.ActiveCfg = Release|Any CPU
		{3EC9C505-A538-414F-8581-CEE41F1F3CCD}.Release|Any CPU.Build.0 = Release|Any CPU
		{D87FA1C1-DC73-4714-9759-F680C7628F09}.Debug|Any CPU.ActiveCfg = Debug|Any CPU
		{D87FA1C1-DC73-4714-9759-F680C7628F09}.Debug|Any CPU.Build.0 = Debug|Any CPU
		{D87FA1C1-DC73-4714-9759-F680C7628F09}.Release|Any CPU.ActiveCfg = Release|Any CPU
		{D87FA1C1-DC73-4714-9759-F680C7628F09}.Release|Any CPU.Build.0 = Release|Any CPU
		{D57576BE-7C03-4051-BDEF-B8BEE340A8EC}.Debug|Any CPU.ActiveCfg = Debug|Any CPU
		{D57576BE-7C03-4051-BDEF-B8BEE340A8EC}.Debug|Any CPU.Build.0 = Debug|Any CPU
		{D57576BE-7C03-4051-BDEF-B8BEE340A8EC}.Release|Any CPU.ActiveCfg = Release|Any CPU
		{D57576BE-7C03-4051-BDEF-B8BEE340A8EC}.Release|Any CPU.Build.0 = Release|Any CPU
		{493C7ACA-989A-4C18-A193-56DD202B47D5}.Debug|Any CPU.ActiveCfg = Debug|Any CPU
		{493C7ACA-989A-4C18-A193-56DD202B47D5}.Debug|Any CPU.Build.0 = Debug|Any CPU
		{493C7ACA-989A-4C18-A193-56DD202B47D5}.Release|Any CPU.ActiveCfg = Release|Any CPU
		{493C7ACA-989A-4C18-A193-56DD202B47D5}.Release|Any CPU.Build.0 = Release|Any CPU
	EndGlobalSection
EndGlobal
